// !$*UTF8*$!
{
	archiveVersion = 1;
	classes = {
	};
	objectVersion = 56;
	objects = {

/* Begin PBXBuildFile section */
		111C58E32A7A1BB600D85A94 /* WeatherDataStruct.swift in Sources */ = {isa = PBXBuildFile; fileRef = 111C58E22A7A1BB600D85A94 /* WeatherDataStruct.swift */; };
		112C386F2A78DE6800FF065F /* CitiesViewController.swift in Sources */ = {isa = PBXBuildFile; fileRef = 112C386E2A78DE6800FF065F /* CitiesViewController.swift */; };
		115BE2EB2A7B79C100DB3C83 /* CustomTableViewCell.swift in Sources */ = {isa = PBXBuildFile; fileRef = 115BE2EA2A7B79C100DB3C83 /* CustomTableViewCell.swift */; };
		119C68BC2A71978F003DBCB1 /* AppDelegate.swift in Sources */ = {isa = PBXBuildFile; fileRef = 119C68BB2A71978F003DBCB1 /* AppDelegate.swift */; };
		119C68BE2A71978F003DBCB1 /* SceneDelegate.swift in Sources */ = {isa = PBXBuildFile; fileRef = 119C68BD2A71978F003DBCB1 /* SceneDelegate.swift */; };
		119C68C02A71978F003DBCB1 /* ViewController.swift in Sources */ = {isa = PBXBuildFile; fileRef = 119C68BF2A71978F003DBCB1 /* ViewController.swift */; };
		119C68C32A71978F003DBCB1 /* Main.storyboard in Resources */ = {isa = PBXBuildFile; fileRef = 119C68C12A71978F003DBCB1 /* Main.storyboard */; };
		119C68C52A719790003DBCB1 /* Assets.xcassets in Resources */ = {isa = PBXBuildFile; fileRef = 119C68C42A719790003DBCB1 /* Assets.xcassets */; };
		119C68C82A719790003DBCB1 /* LaunchScreen.storyboard in Resources */ = {isa = PBXBuildFile; fileRef = 119C68C62A719790003DBCB1 /* LaunchScreen.storyboard */; };
/* End PBXBuildFile section */

/* Begin PBXFileReference section */
		111C58E22A7A1BB600D85A94 /* WeatherDataStruct.swift */ = {isa = PBXFileReference; lastKnownFileType = sourcecode.swift; name = WeatherDataStruct.swift; path = project02/WeatherDataStruct.swift; sourceTree = SOURCE_ROOT; };
		112C386E2A78DE6800FF065F /* CitiesViewController.swift */ = {isa = PBXFileReference; lastKnownFileType = sourcecode.swift; path = CitiesViewController.swift; sourceTree = "<group>"; };
		112C38702A78FC9900FF065F /* location.gpx */ = {isa = PBXFileReference; lastKnownFileType = text.xml; path = location.gpx; sourceTree = "<group>"; };
		115BE2EA2A7B79C100DB3C83 /* CustomTableViewCell.swift */ = {isa = PBXFileReference; lastKnownFileType = sourcecode.swift; path = CustomTableViewCell.swift; sourceTree = "<group>"; };
		119C68B82A71978F003DBCB1 /* project02.app */ = {isa = PBXFileReference; explicitFileType = wrapper.application; includeInIndex = 0; path = project02.app; sourceTree = BUILT_PRODUCTS_DIR; };
		119C68BB2A71978F003DBCB1 /* AppDelegate.swift */ = {isa = PBXFileReference; lastKnownFileType = sourcecode.swift; path = AppDelegate.swift; sourceTree = "<group>"; };
		119C68BD2A71978F003DBCB1 /* SceneDelegate.swift */ = {isa = PBXFileReference; lastKnownFileType = sourcecode.swift; path = SceneDelegate.swift; sourceTree = "<group>"; };
		119C68BF2A71978F003DBCB1 /* ViewController.swift */ = {isa = PBXFileReference; lastKnownFileType = sourcecode.swift; path = ViewController.swift; sourceTree = "<group>"; };
		119C68C22A71978F003DBCB1 /* Base */ = {isa = PBXFileReference; lastKnownFileType = file.storyboard; name = Base; path = Base.lproj/Main.storyboard; sourceTree = "<group>"; };
		119C68C42A719790003DBCB1 /* Assets.xcassets */ = {isa = PBXFileReference; lastKnownFileType = folder.assetcatalog; path = Assets.xcassets; sourceTree = "<group>"; };
		119C68C72A719790003DBCB1 /* Base */ = {isa = PBXFileReference; lastKnownFileType = file.storyboard; name = Base; path = Base.lproj/LaunchScreen.storyboard; sourceTree = "<group>"; };
		119C68C92A719790003DBCB1 /* Info.plist */ = {isa = PBXFileReference; lastKnownFileType = text.plist.xml; path = Info.plist; sourceTree = "<group>"; };
/* End PBXFileReference section */

/* Begin PBXFrameworksBuildPhase section */
		119C68B52A71978F003DBCB1 /* Frameworks */ = {
			isa = PBXFrameworksBuildPhase;
			buildActionMask = 2147483647;
			files = (
			);
			runOnlyForDeploymentPostprocessing = 0;
		};
/* End PBXFrameworksBuildPhase section */

/* Begin PBXGroup section */
		119C68AF2A71978F003DBCB1 = {
			isa = PBXGroup;
			children = (
				119C68BA2A71978F003DBCB1 /* project02 */,
				119C68B92A71978F003DBCB1 /* Products */,
			);
			sourceTree = "<group>";
		};
		119C68B92A71978F003DBCB1 /* Products */ = {
			isa = PBXGroup;
			children = (
				119C68B82A71978F003DBCB1 /* project02.app */,
			);
			name = Products;
			sourceTree = "<group>";
		};
		119C68BA2A71978F003DBCB1 /* project02 */ = {
			isa = PBXGroup;
			children = (
				119C68BB2A71978F003DBCB1 /* AppDelegate.swift */,
				119C68BD2A71978F003DBCB1 /* SceneDelegate.swift */,
				111C58E22A7A1BB600D85A94 /* WeatherDataStruct.swift */,
				119C68BF2A71978F003DBCB1 /* ViewController.swift */,
				119C68C12A71978F003DBCB1 /* Main.storyboard */,
				119C68C42A719790003DBCB1 /* Assets.xcassets */,
				119C68C62A719790003DBCB1 /* LaunchScreen.storyboard */,
				119C68C92A719790003DBCB1 /* Info.plist */,
				112C386E2A78DE6800FF065F /* CitiesViewController.swift */,
				115BE2EA2A7B79C100DB3C83 /* CustomTableViewCell.swift */,
				112C38702A78FC9900FF065F /* location.gpx */,
			);
			path = project02;
			sourceTree = "<group>";
		};
/* End PBXGroup section */

/* Begin PBXNativeTarget section */
		119C68B72A71978F003DBCB1 /* project02 */ = {
			isa = PBXNativeTarget;
			buildConfigurationList = 119C68CC2A719790003DBCB1 /* Build configuration list for PBXNativeTarget "project02" */;
			buildPhases = (
				119C68B42A71978F003DBCB1 /* Sources */,
				119C68B52A71978F003DBCB1 /* Frameworks */,
				119C68B62A71978F003DBCB1 /* Resources */,
			);
			buildRules = (
			);
			dependencies = (
			);
			name = project02;
			productName = project02;
			productReference = 119C68B82A71978F003DBCB1 /* project02.app */;
			productType = "com.apple.product-type.application";
		};
/* End PBXNativeTarget section */

/* Begin PBXProject section */
		119C68B02A71978F003DBCB1 /* Project object */ = {
			isa = PBXProject;
			attributes = {
				BuildIndependentTargetsInParallel = 1;
				LastSwiftUpdateCheck = 1430;
				LastUpgradeCheck = 1430;
				TargetAttributes = {
					119C68B72A71978F003DBCB1 = {
						CreatedOnToolsVersion = 14.3.1;
					};
				};
			};
			buildConfigurationList = 119C68B32A71978F003DBCB1 /* Build configuration list for PBXProject "project02" */;
			compatibilityVersion = "Xcode 14.0";
			developmentRegion = en;
			hasScannedForEncodings = 0;
			knownRegions = (
				en,
				Base,
			);
			mainGroup = 119C68AF2A71978F003DBCB1;
			productRefGroup = 119C68B92A71978F003DBCB1 /* Products */;
			projectDirPath = "";
			projectRoot = "";
			targets = (
				119C68B72A71978F003DBCB1 /* project02 */,
			);
		};
/* End PBXProject section */

/* Begin PBXResourcesBuildPhase section */
		119C68B62A71978F003DBCB1 /* Resources */ = {
			isa = PBXResourcesBuildPhase;
			buildActionMask = 2147483647;
			files = (
				119C68C82A719790003DBCB1 /* LaunchScreen.storyboard in Resources */,
				119C68C52A719790003DBCB1 /* Assets.xcassets in Resources */,
				119C68C32A71978F003DBCB1 /* Main.storyboard in Resources */,
			);
			runOnlyForDeploymentPostprocessing = 0;
		};
/* End PBXResourcesBuildPhase section */

/* Begin PBXSourcesBuildPhase section */
		119C68B42A71978F003DBCB1 /* Sources */ = {
			isa = PBXSourcesBuildPhase;
			buildActionMask = 2147483647;
			files = (
				115BE2EB2A7B79C100DB3C83 /* CustomTableViewCell.swift in Sources */,
				111C58E32A7A1BB600D85A94 /* WeatherDataStruct.swift in Sources */,
				119C68C02A71978F003DBCB1 /* ViewController.swift in Sources */,
				112C386F2A78DE6800FF065F /* CitiesViewController.swift in Sources */,
				119C68BC2A71978F003DBCB1 /* AppDelegate.swift in Sources */,
				119C68BE2A71978F003DBCB1 /* SceneDelegate.swift in Sources */,
			);
			runOnlyForDeploymentPostprocessing = 0;
		};
/* End PBXSourcesBuildPhase section */

/* Begin PBXVariantGroup section */
		119C68C12A71978F003DBCB1 /* Main.storyboard */ = {
			isa = PBXVariantGroup;
			children = (
				119C68C22A71978F003DBCB1 /* Base */,
			);
			name = Main.storyboard;
			sourceTree = "<group>";
		};
		119C68C62A719790003DBCB1 /* LaunchScreen.storyboard */ = {
			isa = PBXVariantGroup;
			children = (
				119C68C72A719790003DBCB1 /* Base */,
			);
			name = LaunchScreen.storyboard;
			sourceTree = "<group>";
		};
/* End PBXVariantGroup section */

/* Begin XCBuildConfiguration section */
		119C68CA2A719790003DBCB1 /* Debug */ = {
			isa = XCBuildConfiguration;
			buildSettings = {
				ALWAYS_SEARCH_USER_PATHS = NO;
				CLANG_ANALYZER_NONNULL = YES;
				CLANG_ANALYZER_NUMBER_OBJECT_CONVERSION = YES_AGGRESSIVE;
				CLANG_CXX_LANGUAGE_STANDARD = "gnu++20";
				CLANG_ENABLE_MODULES = YES;
				CLANG_ENABLE_OBJC_ARC = YES;
				CLANG_ENABLE_OBJC_WEAK = YES;
				CLANG_WARN_BLOCK_CAPTURE_AUTORELEASING = YES;
				CLANG_WARN_BOOL_CONVERSION = YES;
				CLANG_WARN_COMMA = YES;
				CLANG_WARN_CONSTANT_CONVERSION = YES;
				CLANG_WARN_DEPRECATED_OBJC_IMPLEMENTATIONS = YES;
				CLANG_WARN_DIRECT_OBJC_ISA_USAGE = YES_ERROR;
				CLANG_WARN_DOCUMENTATION_COMMENTS = YES;
				CLANG_WARN_EMPTY_BODY = YES;
				CLANG_WARN_ENUM_CONVERSION = YES;
				CLANG_WARN_INFINITE_RECURSION = YES;
				CLANG_WARN_INT_CONVERSION = YES;
				CLANG_WARN_NON_LITERAL_NULL_CONVERSION = YES;
				CLANG_WARN_OBJC_IMPLICIT_RETAIN_SELF = YES;
				CLANG_WARN_OBJC_LITERAL_CONVERSION = YES;
				CLANG_WARN_OBJC_ROOT_CLASS = YES_ERROR;
				CLANG_WARN_QUOTED_INCLUDE_IN_FRAMEWORK_HEADER = YES;
				CLANG_WARN_RANGE_LOOP_ANALYSIS = YES;
				CLANG_WARN_STRICT_PROTOTYPES = YES;
				CLANG_WARN_SUSPICIOUS_MOVE = YES;
				CLANG_WARN_UNGUARDED_AVAILABILITY = YES_AGGRESSIVE;
				CLANG_WARN_UNREACHABLE_CODE = YES;
				CLANG_WARN__DUPLICATE_METHOD_MATCH = YES;
				COPY_PHASE_STRIP = NO;
				DEBUG_INFORMATION_FORMAT = dwarf;
				ENABLE_STRICT_OBJC_MSGSEND = YES;
				ENABLE_TESTABILITY = YES;
				GCC_C_LANGUAGE_STANDARD = gnu11;
				GCC_DYNAMIC_NO_PIC = NO;
				GCC_NO_COMMON_BLOCKS = YES;
				GCC_OPTIMIZATION_LEVEL = 0;
				GCC_PREPROCESSOR_DEFINITIONS = (
					"DEBUG=1",
					"$(inherited)",
				);
				GCC_WARN_64_TO_32_BIT_CONVERSION = YES;
				GCC_WARN_ABOUT_RETURN_TYPE = YES_ERROR;
				GCC_WARN_UNDECLARED_SELECTOR = YES;
				GCC_WARN_UNINITIALIZED_AUTOS = YES_AGGRESSIVE;
				GCC_WARN_UNUSED_FUNCTION = YES;
				GCC_WARN_UNUSED_VARIABLE = YES;
				IPHONEOS_DEPLOYMENT_TARGET = 16.4;
				MTL_ENABLE_DEBUG_INFO = INCLUDE_SOURCE;
				MTL_FAST_MATH = YES;
				ONLY_ACTIVE_ARCH = YES;
				SDKROOT = iphoneos;
				SWIFT_ACTIVE_COMPILATION_CONDITIONS = DEBUG;
				SWIFT_OPTIMIZATION_LEVEL = "-Onone";
			};
			name = Debug;
		};
		119C68CB2A719790003DBCB1 /* Release */ = {
			isa = XCBuildConfiguration;
			buildSettings = {
				ALWAYS_SEARCH_USER_PATHS = NO;
				CLANG_ANALYZER_NONNULL = YES;
				CLANG_ANALYZER_NUMBER_OBJECT_CONVERSION = YES_AGGRESSIVE;
				CLANG_CXX_LANGUAGE_STANDARD = "gnu++20";
				CLANG_ENABLE_MODULES = YES;
				CLANG_ENABLE_OBJC_ARC = YES;
				CLANG_ENABLE_OBJC_WEAK = YES;
				CLANG_WARN_BLOCK_CAPTURE_AUTORELEASING = YES;
				CLANG_WARN_BOOL_CONVERSION = YES;
				CLANG_WARN_COMMA = YES;
				CLANG_WARN_CONSTANT_CONVERSION = YES;
				CLANG_WARN_DEPRECATED_OBJC_IMPLEMENTATIONS = YES;
				CLANG_WARN_DIRECT_OBJC_ISA_USAGE = YES_ERROR;
				CLANG_WARN_DOCUMENTATION_COMMENTS = YES;
				CLANG_WARN_EMPTY_BODY = YES;
				CLANG_WARN_ENUM_CONVERSION = YES;
				CLANG_WARN_INFINITE_RECURSION = YES;
				CLANG_WARN_INT_CONVERSION = YES;
				CLANG_WARN_NON_LITERAL_NULL_CONVERSION = YES;
				CLANG_WARN_OBJC_IMPLICIT_RETAIN_SELF = YES;
				CLANG_WARN_OBJC_LITERAL_CONVERSION = YES;
				CLANG_WARN_OBJC_ROOT_CLASS = YES_ERROR;
				CLANG_WARN_QUOTED_INCLUDE_IN_FRAMEWORK_HEADER = YES;
				CLANG_WARN_RANGE_LOOP_ANALYSIS = YES;
				CLANG_WARN_STRICT_PROTOTYPES = YES;
				CLANG_WARN_SUSPICIOUS_MOVE = YES;
				CLANG_WARN_UNGUARDED_AVAILABILITY = YES_AGGRESSIVE;
				CLANG_WARN_UNREACHABLE_CODE = YES;
				CLANG_WARN__DUPLICATE_METHOD_MATCH = YES;
				COPY_PHASE_STRIP = NO;
				DEBUG_INFORMATION_FORMAT = "dwarf-with-dsym";
				ENABLE_NS_ASSERTIONS = NO;
				ENABLE_STRICT_OBJC_MSGSEND = YES;
				GCC_C_LANGUAGE_STANDARD = gnu11;
				GCC_NO_COMMON_BLOCKS = YES;
				GCC_WARN_64_TO_32_BIT_CONVERSION = YES;
				GCC_WARN_ABOUT_RETURN_TYPE = YES_ERROR;
				GCC_WARN_UNDECLARED_SELECTOR = YES;
				GCC_WARN_UNINITIALIZED_AUTOS = YES_AGGRESSIVE;
				GCC_WARN_UNUSED_FUNCTION = YES;
				GCC_WARN_UNUSED_VARIABLE = YES;
				IPHONEOS_DEPLOYMENT_TARGET = 16.4;
				MTL_ENABLE_DEBUG_INFO = NO;
				MTL_FAST_MATH = YES;
				SDKROOT = iphoneos;
				SWIFT_COMPILATION_MODE = wholemodule;
				SWIFT_OPTIMIZATION_LEVEL = "-O";
				VALIDATE_PRODUCT = YES;
			};
			name = Release;
		};
		119C68CD2A719790003DBCB1 /* Debug */ = {
			isa = XCBuildConfiguration;
			buildSettings = {
				ASSETCATALOG_COMPILER_APPICON_NAME = AppIcon;
				ASSETCATALOG_COMPILER_GLOBAL_ACCENT_COLOR_NAME = AccentColor;
				CODE_SIGN_STYLE = Automatic;
				CURRENT_PROJECT_VERSION = 1;
				GENERATE_INFOPLIST_FILE = YES;
				INFOPLIST_FILE = project02/Info.plist;
				INFOPLIST_KEY_CFBundleDisplayName = "";
				INFOPLIST_KEY_LSApplicationCategoryType = "";
				INFOPLIST_KEY_NSLocationWhenInUseUsageDescription = "Location is required in order to run the app";
				INFOPLIST_KEY_UIApplicationSupportsIndirectInputEvents = YES;
				INFOPLIST_KEY_UILaunchStoryboardName = LaunchScreen;
				INFOPLIST_KEY_UIMainStoryboardFile = Main;
				INFOPLIST_KEY_UISupportedInterfaceOrientations_iPad = "UIInterfaceOrientationPortrait UIInterfaceOrientationPortraitUpsideDown UIInterfaceOrientationLandscapeLeft UIInterfaceOrientationLandscapeRight";
				INFOPLIST_KEY_UISupportedInterfaceOrientations_iPhone = "UIInterfaceOrientationPortrait UIInterfaceOrientationLandscapeLeft UIInterfaceOrientationLandscapeRight";
				LD_RUNPATH_SEARCH_PATHS = (
					"$(inherited)",
					"@executable_path/Frameworks",
				);
				MARKETING_VERSION = 1.0;
				PRODUCT_BUNDLE_IDENTIFIER = "com.example.nimesha-udugama.project02";
				PRODUCT_NAME = "$(TARGET_NAME)";
				SWIFT_EMIT_LOC_STRINGS = YES;
				SWIFT_VERSION = 5.0;
				TARGETED_DEVICE_FAMILY = "1,2";
			};
			name = Debug;
		};
		119C68CE2A719790003DBCB1 /* Release */ = {
			isa = XCBuildConfiguration;
			buildSettings = {
				ASSETCATALOG_COMPILER_APPICON_NAME = AppIcon;
				ASSETCATALOG_COMPILER_GLOBAL_ACCENT_COLOR_NAME = AccentColor;
				CODE_SIGN_STYLE = Automatic;
				CURRENT_PROJECT_VERSION = 1;
				GENERATE_INFOPLIST_FILE = YES;
				INFOPLIST_FILE = project02/Info.plist;
				INFOPLIST_KEY_CFBundleDisplayName = "";
				INFOPLIST_KEY_LSApplicationCategoryType = "";
				INFOPLIST_KEY_NSLocationWhenInUseUsageDescription = "Location is required in order to run the app";
				INFOPLIST_KEY_UIApplicationSupportsIndirectInputEvents = YES;
				INFOPLIST_KEY_UILaunchStoryboardName = LaunchScreen;
				INFOPLIST_KEY_UIMainStoryboardFile = Main;
				INFOPLIST_KEY_UISupportedInterfaceOrientations_iPad = "UIInterfaceOrientationPortrait UIInterfaceOrientationPortraitUpsideDown UIInterfaceOrientationLandscapeLeft UIInterfaceOrientationLandscapeRight";
				INFOPLIST_KEY_UISupportedInterfaceOrientations_iPhone = "UIInterfaceOrientationPortrait UIInterfaceOrientationLandscapeLeft UIInterfaceOrientationLandscapeRight";
				LD_RUNPATH_SEARCH_PATHS = (
					"$(inherited)",
					"@executable_path/Frameworks",
				);
				MARKETING_VERSION = 1.0;
				PRODUCT_BUNDLE_IDENTIFIER = "com.example.nimesha-udugama.project02";
				PRODUCT_NAME = "$(TARGET_NAME)";
				SWIFT_EMIT_LOC_STRINGS = YES;
				SWIFT_VERSION = 5.0;
				TARGETED_DEVICE_FAMILY = "1,2";
			};
			name = Release;
		};
/* End XCBuildConfiguration section */

/* Begin XCConfigurationList section */
		119C68B32A71978F003DBCB1 /* Build configuration list for PBXProject "project02" */ = {
			isa = XCConfigurationList;
			buildConfigurations = (
				119C68CA2A719790003DBCB1 /* Debug */,
				119C68CB2A719790003DBCB1 /* Release */,
			);
			defaultConfigurationIsVisible = 0;
			defaultConfigurationName = Release;
		};
		119C68CC2A719790003DBCB1 /* Build configuration list for PBXNativeTarget "project02" */ = {
			isa = XCConfigurationList;
			buildConfigurations = (
				119C68CD2A719790003DBCB1 /* Debug */,
				119C68CE2A719790003DBCB1 /* Release */,
			);
			defaultConfigurationIsVisible = 0;
			defaultConfigurationName = Release;
		};
/* End XCConfigurationList section */
	};
	rootObject = 119C68B02A71978F003DBCB1 /* Project object */;
}
